
Microsoft Visual Studio Solution File, Format Version 12.00
# Visual Studio Version 16
VisualStudioVersion = 16.0.29728.190
MinimumVisualStudioVersion = 10.0.40219.1
Project("{FAE04EC0-301F-11D3-BF4B-00C04F79EFBC}") = "NoiseMaker", "NoiseMaker\NoiseMaker.csproj", "{2FA601F7-8823-440A-A646-A5FA328A8B22}"
EndProject
Global
	GlobalSection(SolutionConfigurationPlatforms) = preSolution
		Debug|Any CPU = Debug|Any CPU
		Release|Any CPU = Release|Any CPU
	EndGlobalSection
	GlobalSection(ProjectConfigurationPlatforms) = postSolution
		{2FA601F7-8823-440A-A646-A5FA328A8B22}.Debug|Any CPU.ActiveCfg = Debug|Any CPU
		{2FA601F7-8823-440A-A646-A5FA328A8B22}.Debug|Any CPU.Build.0 = Debug|Any CPU
		{2FA601F7-8823-440A-A646-A5FA328A8B22}.Release|Any CPU.ActiveCfg = Release|Any CPU
		{2FA601F7-8823-440A-A646-A5FA328A8B22}.Release|Any CPU.Build.0 = Release|Any CPU
	EndGlobalSection
	GlobalSection(SolutionProperties) = preSolution
		HideSolutionNode = FALSE
	EndGlobalSection
	GlobalSection(ExtensibilityGlobals) = postSolution
		SolutionGuid = {9747F8B3-53F9-40BB-99F4-D2E03A277705}
	EndGlobalSection
EndGlobal
